// !$*UTF8*$!
{
	archiveVersion = 1;
	classes = {
	};
	objectVersion = 46;
	objects = {

/* Begin PBXBuildFile section */
		1801123D1C01F3FF004A56DF /* main.m in Sources */ = {isa = PBXBuildFile; fileRef = 1801123C1C01F3FF004A56DF /* main.m */; };
		180112401C01F3FF004A56DF /* AppDelegate.m in Sources */ = {isa = PBXBuildFile; fileRef = 1801123F1C01F3FF004A56DF /* AppDelegate.m */; };
		180112431C01F3FF004A56DF /* ViewController.m in Sources */ = {isa = PBXBuildFile; fileRef = 180112421C01F3FF004A56DF /* ViewController.m */; };
		180112461C01F3FF004A56DF /* Main.storyboard in Resources */ = {isa = PBXBuildFile; fileRef = 180112441C01F3FF004A56DF /* Main.storyboard */; };
		180112481C01F3FF004A56DF /* Assets.xcassets in Resources */ = {isa = PBXBuildFile; fileRef = 180112471C01F3FF004A56DF /* Assets.xcassets */; };
		1801124B1C01F3FF004A56DF /* LaunchScreen.storyboard in Resources */ = {isa = PBXBuildFile; fileRef = 180112491C01F3FF004A56DF /* LaunchScreen.storyboard */; };
		180112541C01F425004A56DF /* HGCRoundCornerMaskView.m in Sources */ = {isa = PBXBuildFile; fileRef = 180112531C01F425004A56DF /* HGCRoundCornerMaskView.m */; };
		180112561C01FC94004A56DF /* banner.jpg in Resources */ = {isa = PBXBuildFile; fileRef = 180112551C01FC94004A56DF /* banner.jpg */; };
/* End PBXBuildFile section */

/* Begin PBXFileReference section */
		180112381C01F3FF004A56DF /* DrawMaskDemo.app */ = {isa = PBXFileReference; explicitFileType = wrapper.application; includeInIndex = 0; path = DrawMaskDemo.app; sourceTree = BUILT_PRODUCTS_DIR; };
		1801123C1C01F3FF004A56DF /* main.m */ = {isa = PBXFileReference; lastKnownFileType = sourcecode.c.objc; path = main.m; sourceTree = "<group>"; };
		1801123E1C01F3FF004A56DF /* AppDelegate.h */ = {isa = PBXFileReference; lastKnownFileType = sourcecode.c.h; path = AppDelegate.h; sourceTree = "<group>"; };
		1801123F1C01F3FF004A56DF /* AppDelegate.m */ = {isa = PBXFileReference; lastKnownFileType = sourcecode.c.objc; path = AppDelegate.m; sourceTree = "<group>"; };
		180112411C01F3FF004A56DF /* ViewController.h */ = {isa = PBXFileReference; lastKnownFileType = sourcecode.c.h; path = ViewController.h; sourceTree = "<group>"; };
		180112421C01F3FF004A56DF /* ViewController.m */ = {isa = PBXFileReference; lastKnownFileType = sourcecode.c.objc; path = ViewController.m; sourceTree = "<group>"; };
		180112451C01F3FF004A56DF /* Base */ = {isa = PBXFileReference; lastKnownFileType = file.storyboard; name = Base; path = Base.lproj/Main.storyboard; sourceTree = "<group>"; };
		180112471C01F3FF004A56DF /* Assets.xcassets */ = {isa = PBXFileReference; lastKnownFileType = folder.assetcatalog; path = Assets.xcassets; sourceTree = "<group>"; };
		1801124A1C01F3FF004A56DF /* Base */ = {isa = PBXFileReference; lastKnownFileType = file.storyboard; name = Base; path = Base.lproj/LaunchScreen.storyboard; sourceTree = "<group>"; };
		1801124C1C01F3FF004A56DF /* Info.plist */ = {isa = PBXFileReference; lastKnownFileType = text.plist.xml; path = Info.plist; sourceTree = "<group>"; };
		180112521C01F425004A56DF /* HGCRoundCornerMaskView.h */ = {isa = PBXFileReference; fileEncoding = 4; lastKnownFileType = sourcecode.c.h; path = HGCRoundCornerMaskView.h; sourceTree = "<group>"; };
		180112531C01F425004A56DF /* HGCRoundCornerMaskView.m */ = {isa = PBXFileReference; fileEncoding = 4; lastKnownFileType = sourcecode.c.objc; path = HGCRoundCornerMaskView.m; sourceTree = "<group>"; };
		180112551C01FC94004A56DF /* banner.jpg */ = {isa = PBXFileReference; lastKnownFileType = image.jpeg; path = banner.jpg; sourceTree = "<group>"; };
/* End PBXFileReference section */

/* Begin PBXFrameworksBuildPhase section */
		180112351C01F3FF004A56DF /* Frameworks */ = {
			isa = PBXFrameworksBuildPhase;
			buildActionMask = 2147483647;
			files = (
			);
			runOnlyForDeploymentPostprocessing = 0;
		};
/* End PBXFrameworksBuildPhase section */

/* Begin PBXGroup section */
		1801122F1C01F3FF004A56DF = {
			isa = PBXGroup;
			children = (
				1801123A1C01F3FF004A56DF /* DrawMaskDemo */,
				180112391C01F3FF004A56DF /* Products */,
			);
			sourceTree = "<group>";
		};
		180112391C01F3FF004A56DF /* Products */ = {
			isa = PBXGroup;
			children = (
				180112381C01F3FF004A56DF /* DrawMaskDemo.app */,
			);
			name = Products;
			sourceTree = "<group>";
		};
		1801123A1C01F3FF004A56DF /* DrawMaskDemo */ = {
			isa = PBXGroup;
			children = (
				180112551C01FC94004A56DF /* banner.jpg */,
				1801123E1C01F3FF004A56DF /* AppDelegate.h */,
				1801123F1C01F3FF004A56DF /* AppDelegate.m */,
				180112411C01F3FF004A56DF /* ViewController.h */,
				180112421C01F3FF004A56DF /* ViewController.m */,
				180112521C01F425004A56DF /* HGCRoundCornerMaskView.h */,
				180112531C01F425004A56DF /* HGCRoundCornerMaskView.m */,
				180112441C01F3FF004A56DF /* Main.storyboard */,
				180112471C01F3FF004A56DF /* Assets.xcassets */,
				180112491C01F3FF004A56DF /* LaunchScreen.storyboard */,
				1801124C1C01F3FF004A56DF /* Info.plist */,
				1801123B1C01F3FF004A56DF /* Supporting Files */,
			);
			path = DrawMaskDemo;
			sourceTree = "<group>";
		};
		1801123B1C01F3FF004A56DF /* Supporting Files */ = {
			isa = PBXGroup;
			children = (
				1801123C1C01F3FF004A56DF /* main.m */,
			);
			name = "Supporting Files";
			sourceTree = "<group>";
		};
/* End PBXGroup section */

/* Begin PBXNativeTarget section */
		180112371C01F3FF004A56DF /* DrawMaskDemo */ = {
			isa = PBXNativeTarget;
			buildConfigurationList = 1801124F1C01F3FF004A56DF /* Build configuration list for PBXNativeTarget "DrawMaskDemo" */;
			buildPhases = (
				180112341C01F3FF004A56DF /* Sources */,
				180112351C01F3FF004A56DF /* Frameworks */,
				180112361C01F3FF004A56DF /* Resources */,
			);
			buildRules = (
			);
			dependencies = (
			);
			name = DrawMaskDemo;
			productName = DrawMaskDemo;
			productReference = 180112381C01F3FF004A56DF /* DrawMaskDemo.app */;
			productType = "com.apple.product-type.application";
		};
/* End PBXNativeTarget section */

/* Begin PBXProject section */
		180112301C01F3FF004A56DF /* Project object */ = {
			isa = PBXProject;
			attributes = {
				LastUpgradeCheck = 0710;
				ORGANIZATIONNAME = com.youmi;
				TargetAttributes = {
					180112371C01F3FF004A56DF = {
						CreatedOnToolsVersion = 7.1;
					};
				};
			};
			buildConfigurationList = 180112331C01F3FF004A56DF /* Build configuration list for PBXProject "DrawMaskDemo" */;
			compatibilityVersion = "Xcode 3.2";
			developmentRegion = English;
			hasScannedForEncodings = 0;
			knownRegions = (
				en,
				Base,
			);
			mainGroup = 1801122F1C01F3FF004A56DF;
			productRefGroup = 180112391C01F3FF004A56DF /* Products */;
			projectDirPath = "";
			projectRoot = "";
			targets = (
				180112371C01F3FF004A56DF /* DrawMaskDemo */,
			);
		};
/* End PBXProject section */

/* Begin PBXResourcesBuildPhase section */
		180112361C01F3FF004A56DF /* Resources */ = {
			isa = PBXResourcesBuildPhase;
			buildActionMask = 2147483647;
			files = (
				1801124B1C01F3FF004A56DF /* LaunchScreen.storyboard in Resources */,
				180112481C01F3FF004A56DF /* Assets.xcassets in Resources */,
				180112461C01F3FF004A56DF /* Main.storyboard in Resources */,
				180112561C01FC94004A56DF /* banner.jpg in Resources */,
			);
			runOnlyForDeploymentPostprocessing = 0;
		};
/* End PBXResourcesBuildPhase section */

/* Begin PBXSourcesBuildPhase section */
		180112341C01F3FF004A56DF /* Sources */ = {
			isa = PBXSourcesBuildPhase;
			buildActionMask = 2147483647;
			files = (
				180112431C01F3FF004A56DF /* ViewController.m in Sources */,
				180112541C01F425004A56DF /* HGCRoundCornerMaskView.m in Sources */,
				180112401C01F3FF004A56DF /* AppDelegate.m in Sources */,
				1801123D1C01F3FF004A56DF /* main.m in Sources */,
			);
			runOnlyForDeploymentPostprocessing = 0;
		};
/* End PBXSourcesBuildPhase section */

/* Begin PBXVariantGroup section */
		180112441C01F3FF004A56DF /* Main.storyboard */ = {
			isa = PBXVariantGroup;
			children = (
				180112451C01F3FF004A56DF /* Base */,
			);
			name = Main.storyboard;
			sourceTree = "<group>";
		};
		180112491C01F3FF004A56DF /* LaunchScreen.storyboard */ = {
			isa = PBXVariantGroup;
			children = (
				1801124A1C01F3FF004A56DF /* Base */,
			);
			name = LaunchScreen.storyboard;
			sourceTree = "<group>";
		};
/* End PBXVariantGroup section */

/* Begin XCBuildConfiguration section */
		1801124D1C01F3FF004A56DF /* Debug */ = {
			isa = XCBuildConfiguration;
			buildSettings = {
				ALWAYS_SEARCH_USER_PATHS = NO;
				CLANG_CXX_LANGUAGE_STANDARD = "gnu++0x";
				CLANG_CXX_LIBRARY = "libc++";
				CLANG_ENABLE_MODULES = YES;
				CLANG_ENABLE_OBJC_ARC = YES;
				CLANG_WARN_BOOL_CONVERSION = YES;
				CLANG_WARN_CONSTANT_CONVERSION = YES;
				CLANG_WARN_DIRECT_OBJC_ISA_USAGE = YES_ERROR;
				CLANG_WARN_EMPTY_BODY = YES;
				CLANG_WARN_ENUM_CONVERSION = YES;
				CLANG_WARN_INT_CONVERSION = YES;
				CLANG_WARN_OBJC_ROOT_CLASS = YES_ERROR;
				CLANG_WARN_UNREACHABLE_CODE = YES;
				CLANG_WARN__DUPLICATE_METHOD_MATCH = YES;
				"CODE_SIGN_IDENTITY[sdk=iphoneos*]" = "iPhone Developer";
				COPY_PHASE_STRIP = NO;
				DEBUG_INFORMATION_FORMAT = dwarf;
				ENABLE_STRICT_OBJC_MSGSEND = YES;
				ENABLE_TESTABILITY = YES;
				GCC_C_LANGUAGE_STANDARD = gnu99;
				GCC_DYNAMIC_NO_PIC = NO;
				GCC_NO_COMMON_BLOCKS = YES;
				GCC_OPTIMIZATION_LEVEL = 0;
				GCC_PREPROCESSOR_DEFINITIONS = (
					"DEBUG=1",
					"$(inherited)",
				);
				GCC_WARN_64_TO_32_BIT_CONVERSION = YES;
				GCC_WARN_ABOUT_RETURN_TYPE = YES_ERROR;
				GCC_WARN_UNDECLARED_SELECTOR = YES;
				GCC_WARN_UNINITIALIZED_AUTOS = YES_AGGRESSIVE;
				GCC_WARN_UNUSED_FUNCTION = YES;
				GCC_WARN_UNUSED_VARIABLE = YES;
				IPHONEOS_DEPLOYMENT_TARGET = 9.1;
				MTL_ENABLE_DEBUG_INFO = YES;
				ONLY_ACTIVE_ARCH = YES;
				SDKROOT = iphoneos;
				TARGETED_DEVICE_FAMILY = "1,2";
			};
			name = Debug;
		};
		1801124E1C01F3FF004A56DF /* Release */ = {
			isa = XCBuildConfiguration;
			buildSettings = {
				ALWAYS_SEARCH_USER_PATHS = NO;
				CLANG_CXX_LANGUAGE_STANDARD = "gnu++0x";
				CLANG_CXX_LIBRARY = "libc++";
				CLANG_ENABLE_MODULES = YES;
				CLANG_ENABLE_OBJC_ARC = YES;
				CLANG_WARN_BOOL_CONVERSION = YES;
				CLANG_WARN_CONSTANT_CONVERSION = YES;
				CLANG_WARN_DIRECT_OBJC_ISA_USAGE = YES_ERROR;
				CLANG_WARN_EMPTY_BODY = YES;
				CLANG_WARN_ENUM_CONVERSION = YES;
				CLANG_WARN_INT_CONVERSION = YES;
				CLANG_WARN_OBJC_ROOT_CLASS = YES_ERROR;
				CLANG_WARN_UNREACHABLE_CODE = YES;
				CLANG_WARN__DUPLICATE_METHOD_MATCH = YES;
				"CODE_SIGN_IDENTITY[sdk=iphoneos*]" = "iPhone Developer";
				COPY_PHASE_STRIP = NO;
				DEBUG_INFORMATION_FORMAT = "dwarf-with-dsym";
				ENABLE_NS_ASSERTIONS = NO;
				ENABLE_STRICT_OBJC_MSGSEND = YES;
				GCC_C_LANGUAGE_STANDARD = gnu99;
				GCC_NO_COMMON_BLOCKS = YES;
				GCC_WARN_64_TO_32_BIT_CONVERSION = YES;
				GCC_WARN_ABOUT_RETURN_TYPE = YES_ERROR;
				GCC_WARN_UNDECLARED_SELECTOR = YES;
				GCC_WARN_UNINITIALIZED_AUTOS = YES_AGGRESSIVE;
				GCC_WARN_UNUSED_FUNCTION = YES;
				GCC_WARN_UNUSED_VARIABLE = YES;
				IPHONEOS_DEPLOYMENT_TARGET = 9.1;
				MTL_ENABLE_DEBUG_INFO = NO;
				SDKROOT = iphoneos;
				TARGETED_DEVICE_FAMILY = "1,2";
				VALIDATE_PRODUCT = YES;
			};
			name = Release;
		};
		180112501C01F3FF004A56DF /* Debug */ = {
			isa = XCBuildConfiguration;
			buildSettings = {
				ASSETCATALOG_COMPILER_APPICON_NAME = AppIcon;
				INFOPLIST_FILE = DrawMaskDemo/Info.plist;
				LD_RUNPATH_SEARCH_PATHS = "$(inherited) @executable_path/Frameworks";
				PRODUCT_BUNDLE_IDENTIFIER = com.youmi.DrawMaskDemo;
				PRODUCT_NAME = "$(TARGET_NAME)";
			};
			name = Debug;
		};
		180112511C01F3FF004A56DF /* Release */ = {
			isa = XCBuildConfiguration;
			buildSettings = {
				ASSETCATALOG_COMPILER_APPICON_NAME = AppIcon;
				INFOPLIST_FILE = DrawMaskDemo/Info.plist;
				LD_RUNPATH_SEARCH_PATHS = "$(inherited) @executable_path/Frameworks";
				PRODUCT_BUNDLE_IDENTIFIER = com.youmi.DrawMaskDemo;
				PRODUCT_NAME = "$(TARGET_NAME)";
			};
			name = Release;
		};
/* End XCBuildConfiguration section */

/* Begin XCConfigurationList section */
		180112331C01F3FF004A56DF /* Build configuration list for PBXProject "DrawMaskDemo" */ = {
			isa = XCConfigurationList;
			buildConfigurations = (
				1801124D1C01F3FF004A56DF /* Debug */,
				1801124E1C01F3FF004A56DF /* Release */,
			);
			defaultConfigurationIsVisible = 0;
			defaultConfigurationName = Release;
		};
		1801124F1C01F3FF004A56DF /* Build configuration list for PBXNativeTarget "DrawMaskDemo" */ = {
			isa = XCConfigurationList;
			buildConfigurations = (
				180112501C01F3FF004A56DF /* Debug */,
				180112511C01F3FF004A56DF /* Release */,
			);
			defaultConfigurationIsVisible = 0;
		};
/* End XCConfigurationList section */
	};
	rootObject = 180112301C01F3FF004A56DF /* Project object */;
}
