// !$*UTF8*$!
{
	archiveVersion = 1;
	classes = {
	};
	objectVersion = 46;
	objects = {

/* Begin PBXBuildFile section */
		1896DBE71BF7422D00561D00 /* T3_ClockViewController.m in Sources */ = {isa = PBXBuildFile; fileRef = 1896DBE61BF7422D00561D00 /* T3_ClockViewController.m */; };
		1896DBE91BF7424C00561D00 /* T3_Main.storyboard in Resources */ = {isa = PBXBuildFile; fileRef = 1896DBE81BF7424C00561D00 /* T3_Main.storyboard */; };
		1896DBEC1BF7479B00561D00 /* T3_HitTestingViewController.m in Sources */ = {isa = PBXBuildFile; fileRef = 1896DBEB1BF7479B00561D00 /* T3_HitTestingViewController.m */; };
		18E623721BF4F3FA002AD3E3 /* main.m in Sources */ = {isa = PBXBuildFile; fileRef = 18E623711BF4F3FA002AD3E3 /* main.m */; };
		18E623751BF4F3FA002AD3E3 /* AppDelegate.m in Sources */ = {isa = PBXBuildFile; fileRef = 18E623741BF4F3FA002AD3E3 /* AppDelegate.m */; };
		18E6237B1BF4F3FA002AD3E3 /* T2_Main.storyboard in Resources */ = {isa = PBXBuildFile; fileRef = 18E623791BF4F3FA002AD3E3 /* T2_Main.storyboard */; };
		18E6237D1BF4F3FA002AD3E3 /* Assets.xcassets in Resources */ = {isa = PBXBuildFile; fileRef = 18E6237C1BF4F3FA002AD3E3 /* Assets.xcassets */; };
		18E623801BF4F3FA002AD3E3 /* LaunchScreen.storyboard in Resources */ = {isa = PBXBuildFile; fileRef = 18E6237E1BF4F3FA002AD3E3 /* LaunchScreen.storyboard */; };
		18E6238A1BF4F45A002AD3E3 /* T2_ImageContents_ViewController.m in Sources */ = {isa = PBXBuildFile; fileRef = 18E623881BF4F45A002AD3E3 /* T2_ImageContents_ViewController.m */; };
		18E6238D1BF4F532002AD3E3 /* dola.png in Resources */ = {isa = PBXBuildFile; fileRef = 18E6238C1BF4F532002AD3E3 /* dola.png */; };
		18E6238F1BF4F7E3002AD3E3 /* F4.jpg in Resources */ = {isa = PBXBuildFile; fileRef = 18E6238E1BF4F7E3002AD3E3 /* F4.jpg */; };
		18E623921BF4F89B002AD3E3 /* T2_ContentsRect_ViewController.m in Sources */ = {isa = PBXBuildFile; fileRef = 18E623911BF4F89B002AD3E3 /* T2_ContentsRect_ViewController.m */; };
		18E623951BF4FED5002AD3E3 /* T2_CALayerDelegate_ViewController.m in Sources */ = {isa = PBXBuildFile; fileRef = 18E623941BF4FED5002AD3E3 /* T2_CALayerDelegate_ViewController.m */; };
/* End PBXBuildFile section */

/* Begin PBXFileReference section */
		1896DBE51BF7422D00561D00 /* T3_ClockViewController.h */ = {isa = PBXFileReference; fileEncoding = 4; lastKnownFileType = sourcecode.c.h; path = T3_ClockViewController.h; sourceTree = "<group>"; };
		1896DBE61BF7422D00561D00 /* T3_ClockViewController.m */ = {isa = PBXFileReference; fileEncoding = 4; lastKnownFileType = sourcecode.c.objc; path = T3_ClockViewController.m; sourceTree = "<group>"; };
		1896DBE81BF7424C00561D00 /* T3_Main.storyboard */ = {isa = PBXFileReference; fileEncoding = 4; lastKnownFileType = file.storyboard; path = T3_Main.storyboard; sourceTree = "<group>"; };
		1896DBEA1BF7479B00561D00 /* T3_HitTestingViewController.h */ = {isa = PBXFileReference; fileEncoding = 4; lastKnownFileType = sourcecode.c.h; path = T3_HitTestingViewController.h; sourceTree = "<group>"; };
		1896DBEB1BF7479B00561D00 /* T3_HitTestingViewController.m */ = {isa = PBXFileReference; fileEncoding = 4; lastKnownFileType = sourcecode.c.objc; path = T3_HitTestingViewController.m; sourceTree = "<group>"; };
		18E6236D1BF4F3FA002AD3E3 /* CAAdvancedTechDemo.app */ = {isa = PBXFileReference; explicitFileType = wrapper.application; includeInIndex = 0; path = CAAdvancedTechDemo.app; sourceTree = BUILT_PRODUCTS_DIR; };
		18E623711BF4F3FA002AD3E3 /* main.m */ = {isa = PBXFileReference; lastKnownFileType = sourcecode.c.objc; path = main.m; sourceTree = "<group>"; };
		18E623731BF4F3FA002AD3E3 /* AppDelegate.h */ = {isa = PBXFileReference; lastKnownFileType = sourcecode.c.h; path = AppDelegate.h; sourceTree = "<group>"; };
		18E623741BF4F3FA002AD3E3 /* AppDelegate.m */ = {isa = PBXFileReference; lastKnownFileType = sourcecode.c.objc; path = AppDelegate.m; sourceTree = "<group>"; };
		18E6237A1BF4F3FA002AD3E3 /* Base */ = {isa = PBXFileReference; lastKnownFileType = file.storyboard; name = Base; path = Base.lproj/T2_Main.storyboard; sourceTree = "<group>"; };
		18E6237C1BF4F3FA002AD3E3 /* Assets.xcassets */ = {isa = PBXFileReference; lastKnownFileType = folder.assetcatalog; path = Assets.xcassets; sourceTree = "<group>"; };
		18E6237F1BF4F3FA002AD3E3 /* Base */ = {isa = PBXFileReference; lastKnownFileType = file.storyboard; name = Base; path = Base.lproj/LaunchScreen.storyboard; sourceTree = "<group>"; };
		18E623811BF4F3FA002AD3E3 /* Info.plist */ = {isa = PBXFileReference; lastKnownFileType = text.plist.xml; path = Info.plist; sourceTree = "<group>"; };
		18E623871BF4F45A002AD3E3 /* T2_ImageContents_ViewController.h */ = {isa = PBXFileReference; fileEncoding = 4; lastKnownFileType = sourcecode.c.h; path = T2_ImageContents_ViewController.h; sourceTree = "<group>"; };
		18E623881BF4F45A002AD3E3 /* T2_ImageContents_ViewController.m */ = {isa = PBXFileReference; fileEncoding = 4; lastKnownFileType = sourcecode.c.objc; path = T2_ImageContents_ViewController.m; sourceTree = "<group>"; };
		18E6238C1BF4F532002AD3E3 /* dola.png */ = {isa = PBXFileReference; lastKnownFileType = image.png; path = dola.png; sourceTree = "<group>"; };
		18E6238E1BF4F7E3002AD3E3 /* F4.jpg */ = {isa = PBXFileReference; lastKnownFileType = image.jpeg; path = F4.jpg; sourceTree = "<group>"; };
		18E623901BF4F89B002AD3E3 /* T2_ContentsRect_ViewController.h */ = {isa = PBXFileReference; fileEncoding = 4; lastKnownFileType = sourcecode.c.h; path = T2_ContentsRect_ViewController.h; sourceTree = "<group>"; };
		18E623911BF4F89B002AD3E3 /* T2_ContentsRect_ViewController.m */ = {isa = PBXFileReference; fileEncoding = 4; lastKnownFileType = sourcecode.c.objc; path = T2_ContentsRect_ViewController.m; sourceTree = "<group>"; };
		18E623931BF4FED5002AD3E3 /* T2_CALayerDelegate_ViewController.h */ = {isa = PBXFileReference; fileEncoding = 4; lastKnownFileType = sourcecode.c.h; path = T2_CALayerDelegate_ViewController.h; sourceTree = "<group>"; };
		18E623941BF4FED5002AD3E3 /* T2_CALayerDelegate_ViewController.m */ = {isa = PBXFileReference; fileEncoding = 4; lastKnownFileType = sourcecode.c.objc; path = T2_CALayerDelegate_ViewController.m; sourceTree = "<group>"; };
/* End PBXFileReference section */

/* Begin PBXFrameworksBuildPhase section */
		18E6236A1BF4F3FA002AD3E3 /* Frameworks */ = {
			isa = PBXFrameworksBuildPhase;
			buildActionMask = 2147483647;
			files = (
			);
			runOnlyForDeploymentPostprocessing = 0;
		};
/* End PBXFrameworksBuildPhase section */

/* Begin PBXGroup section */
		1896DBE41BF741F600561D00 /* T3_图层几何学 */ = {
			isa = PBXGroup;
			children = (
				1896DBE51BF7422D00561D00 /* T3_ClockViewController.h */,
				1896DBE61BF7422D00561D00 /* T3_ClockViewController.m */,
				1896DBEA1BF7479B00561D00 /* T3_HitTestingViewController.h */,
				1896DBEB1BF7479B00561D00 /* T3_HitTestingViewController.m */,
				1896DBE81BF7424C00561D00 /* T3_Main.storyboard */,
			);
			name = "T3_图层几何学";
			sourceTree = "<group>";
		};
		18E623641BF4F3FA002AD3E3 = {
			isa = PBXGroup;
			children = (
				18E6236F1BF4F3FA002AD3E3 /* CAAdvancedTechDemo */,
				18E6236E1BF4F3FA002AD3E3 /* Products */,
			);
			sourceTree = "<group>";
		};
		18E6236E1BF4F3FA002AD3E3 /* Products */ = {
			isa = PBXGroup;
			children = (
				18E6236D1BF4F3FA002AD3E3 /* CAAdvancedTechDemo.app */,
			);
			name = Products;
			sourceTree = "<group>";
		};
		18E6236F1BF4F3FA002AD3E3 /* CAAdvancedTechDemo */ = {
			isa = PBXGroup;
			children = (
				18E623961BF500D4002AD3E3 /* T2_寄宿图 */,
				1896DBE41BF741F600561D00 /* T3_图层几何学 */,
				18E6237C1BF4F3FA002AD3E3 /* Assets.xcassets */,
				18E6237E1BF4F3FA002AD3E3 /* LaunchScreen.storyboard */,
				18E623811BF4F3FA002AD3E3 /* Info.plist */,
				18E623701BF4F3FA002AD3E3 /* Supporting Files */,
			);
			path = CAAdvancedTechDemo;
			sourceTree = "<group>";
		};
		18E623701BF4F3FA002AD3E3 /* Supporting Files */ = {
			isa = PBXGroup;
			children = (
				18E623711BF4F3FA002AD3E3 /* main.m */,
			);
			name = "Supporting Files";
			sourceTree = "<group>";
		};
		18E623961BF500D4002AD3E3 /* T2_寄宿图 */ = {
			isa = PBXGroup;
			children = (
				18E6238C1BF4F532002AD3E3 /* dola.png */,
				18E6238E1BF4F7E3002AD3E3 /* F4.jpg */,
				18E623731BF4F3FA002AD3E3 /* AppDelegate.h */,
				18E623741BF4F3FA002AD3E3 /* AppDelegate.m */,
				18E623871BF4F45A002AD3E3 /* T2_ImageContents_ViewController.h */,
				18E623881BF4F45A002AD3E3 /* T2_ImageContents_ViewController.m */,
				18E623901BF4F89B002AD3E3 /* T2_ContentsRect_ViewController.h */,
				18E623911BF4F89B002AD3E3 /* T2_ContentsRect_ViewController.m */,
				18E623931BF4FED5002AD3E3 /* T2_CALayerDelegate_ViewController.h */,
				18E623941BF4FED5002AD3E3 /* T2_CALayerDelegate_ViewController.m */,
				18E623791BF4F3FA002AD3E3 /* T2_Main.storyboard */,
			);
			name = "T2_寄宿图";
			sourceTree = "<group>";
		};
/* End PBXGroup section */

/* Begin PBXNativeTarget section */
		18E6236C1BF4F3FA002AD3E3 /* CAAdvancedTechDemo */ = {
			isa = PBXNativeTarget;
			buildConfigurationList = 18E623841BF4F3FA002AD3E3 /* Build configuration list for PBXNativeTarget "CAAdvancedTechDemo" */;
			buildPhases = (
				18E623691BF4F3FA002AD3E3 /* Sources */,
				18E6236A1BF4F3FA002AD3E3 /* Frameworks */,
				18E6236B1BF4F3FA002AD3E3 /* Resources */,
			);
			buildRules = (
			);
			dependencies = (
			);
			name = CAAdvancedTechDemo;
			productName = CAAdvancedTechDemo;
			productReference = 18E6236D1BF4F3FA002AD3E3 /* CAAdvancedTechDemo.app */;
			productType = "com.apple.product-type.application";
		};
/* End PBXNativeTarget section */

/* Begin PBXProject section */
		18E623651BF4F3FA002AD3E3 /* Project object */ = {
			isa = PBXProject;
			attributes = {
				LastUpgradeCheck = 0710;
				ORGANIZATIONNAME = com.youmi;
				TargetAttributes = {
					18E6236C1BF4F3FA002AD3E3 = {
						CreatedOnToolsVersion = 7.1;
					};
				};
			};
			buildConfigurationList = 18E623681BF4F3FA002AD3E3 /* Build configuration list for PBXProject "CAAdvancedTechDemo" */;
			compatibilityVersion = "Xcode 3.2";
			developmentRegion = English;
			hasScannedForEncodings = 0;
			knownRegions = (
				en,
				Base,
			);
			mainGroup = 18E623641BF4F3FA002AD3E3;
			productRefGroup = 18E6236E1BF4F3FA002AD3E3 /* Products */;
			projectDirPath = "";
			projectRoot = "";
			targets = (
				18E6236C1BF4F3FA002AD3E3 /* CAAdvancedTechDemo */,
			);
		};
/* End PBXProject section */

/* Begin PBXResourcesBuildPhase section */
		18E6236B1BF4F3FA002AD3E3 /* Resources */ = {
			isa = PBXResourcesBuildPhase;
			buildActionMask = 2147483647;
			files = (
				18E6238F1BF4F7E3002AD3E3 /* F4.jpg in Resources */,
				18E6238D1BF4F532002AD3E3 /* dola.png in Resources */,
				18E623801BF4F3FA002AD3E3 /* LaunchScreen.storyboard in Resources */,
				18E6237D1BF4F3FA002AD3E3 /* Assets.xcassets in Resources */,
				1896DBE91BF7424C00561D00 /* T3_Main.storyboard in Resources */,
				18E6237B1BF4F3FA002AD3E3 /* T2_Main.storyboard in Resources */,
			);
			runOnlyForDeploymentPostprocessing = 0;
		};
/* End PBXResourcesBuildPhase section */

/* Begin PBXSourcesBuildPhase section */
		18E623691BF4F3FA002AD3E3 /* Sources */ = {
			isa = PBXSourcesBuildPhase;
			buildActionMask = 2147483647;
			files = (
				1896DBE71BF7422D00561D00 /* T3_ClockViewController.m in Sources */,
				18E623921BF4F89B002AD3E3 /* T2_ContentsRect_ViewController.m in Sources */,
				18E623951BF4FED5002AD3E3 /* T2_CALayerDelegate_ViewController.m in Sources */,
				1896DBEC1BF7479B00561D00 /* T3_HitTestingViewController.m in Sources */,
				18E6238A1BF4F45A002AD3E3 /* T2_ImageContents_ViewController.m in Sources */,
				18E623751BF4F3FA002AD3E3 /* AppDelegate.m in Sources */,
				18E623721BF4F3FA002AD3E3 /* main.m in Sources */,
			);
			runOnlyForDeploymentPostprocessing = 0;
		};
/* End PBXSourcesBuildPhase section */

/* Begin PBXVariantGroup section */
		18E623791BF4F3FA002AD3E3 /* T2_Main.storyboard */ = {
			isa = PBXVariantGroup;
			children = (
				18E6237A1BF4F3FA002AD3E3 /* Base */,
			);
			name = T2_Main.storyboard;
			sourceTree = "<group>";
		};
		18E6237E1BF4F3FA002AD3E3 /* LaunchScreen.storyboard */ = {
			isa = PBXVariantGroup;
			children = (
				18E6237F1BF4F3FA002AD3E3 /* Base */,
			);
			name = LaunchScreen.storyboard;
			sourceTree = "<group>";
		};
/* End PBXVariantGroup section */

/* Begin XCBuildConfiguration section */
		18E623821BF4F3FA002AD3E3 /* Debug */ = {
			isa = XCBuildConfiguration;
			buildSettings = {
				ALWAYS_SEARCH_USER_PATHS = NO;
				CLANG_CXX_LANGUAGE_STANDARD = "gnu++0x";
				CLANG_CXX_LIBRARY = "libc++";
				CLANG_ENABLE_MODULES = YES;
				CLANG_ENABLE_OBJC_ARC = YES;
				CLANG_WARN_BOOL_CONVERSION = YES;
				CLANG_WARN_CONSTANT_CONVERSION = YES;
				CLANG_WARN_DIRECT_OBJC_ISA_USAGE = YES_ERROR;
				CLANG_WARN_EMPTY_BODY = YES;
				CLANG_WARN_ENUM_CONVERSION = YES;
				CLANG_WARN_INT_CONVERSION = YES;
				CLANG_WARN_OBJC_ROOT_CLASS = YES_ERROR;
				CLANG_WARN_UNREACHABLE_CODE = YES;
				CLANG_WARN__DUPLICATE_METHOD_MATCH = YES;
				"CODE_SIGN_IDENTITY[sdk=iphoneos*]" = "iPhone Developer";
				COPY_PHASE_STRIP = NO;
				DEBUG_INFORMATION_FORMAT = dwarf;
				ENABLE_STRICT_OBJC_MSGSEND = YES;
				ENABLE_TESTABILITY = YES;
				GCC_C_LANGUAGE_STANDARD = gnu99;
				GCC_DYNAMIC_NO_PIC = NO;
				GCC_NO_COMMON_BLOCKS = YES;
				GCC_OPTIMIZATION_LEVEL = 0;
				GCC_PREPROCESSOR_DEFINITIONS = (
					"DEBUG=1",
					"$(inherited)",
				);
				GCC_WARN_64_TO_32_BIT_CONVERSION = YES;
				GCC_WARN_ABOUT_RETURN_TYPE = YES_ERROR;
				GCC_WARN_UNDECLARED_SELECTOR = YES;
				GCC_WARN_UNINITIALIZED_AUTOS = YES_AGGRESSIVE;
				GCC_WARN_UNUSED_FUNCTION = YES;
				GCC_WARN_UNUSED_VARIABLE = YES;
				IPHONEOS_DEPLOYMENT_TARGET = 9.1;
				MTL_ENABLE_DEBUG_INFO = YES;
				ONLY_ACTIVE_ARCH = YES;
				SDKROOT = iphoneos;
				TARGETED_DEVICE_FAMILY = "1,2";
			};
			name = Debug;
		};
		18E623831BF4F3FA002AD3E3 /* Release */ = {
			isa = XCBuildConfiguration;
			buildSettings = {
				ALWAYS_SEARCH_USER_PATHS = NO;
				CLANG_CXX_LANGUAGE_STANDARD = "gnu++0x";
				CLANG_CXX_LIBRARY = "libc++";
				CLANG_ENABLE_MODULES = YES;
				CLANG_ENABLE_OBJC_ARC = YES;
				CLANG_WARN_BOOL_CONVERSION = YES;
				CLANG_WARN_CONSTANT_CONVERSION = YES;
				CLANG_WARN_DIRECT_OBJC_ISA_USAGE = YES_ERROR;
				CLANG_WARN_EMPTY_BODY = YES;
				CLANG_WARN_ENUM_CONVERSION = YES;
				CLANG_WARN_INT_CONVERSION = YES;
				CLANG_WARN_OBJC_ROOT_CLASS = YES_ERROR;
				CLANG_WARN_UNREACHABLE_CODE = YES;
				CLANG_WARN__DUPLICATE_METHOD_MATCH = YES;
				"CODE_SIGN_IDENTITY[sdk=iphoneos*]" = "iPhone Developer";
				COPY_PHASE_STRIP = NO;
				DEBUG_INFORMATION_FORMAT = "dwarf-with-dsym";
				ENABLE_NS_ASSERTIONS = NO;
				ENABLE_STRICT_OBJC_MSGSEND = YES;
				GCC_C_LANGUAGE_STANDARD = gnu99;
				GCC_NO_COMMON_BLOCKS = YES;
				GCC_WARN_64_TO_32_BIT_CONVERSION = YES;
				GCC_WARN_ABOUT_RETURN_TYPE = YES_ERROR;
				GCC_WARN_UNDECLARED_SELECTOR = YES;
				GCC_WARN_UNINITIALIZED_AUTOS = YES_AGGRESSIVE;
				GCC_WARN_UNUSED_FUNCTION = YES;
				GCC_WARN_UNUSED_VARIABLE = YES;
				IPHONEOS_DEPLOYMENT_TARGET = 9.1;
				MTL_ENABLE_DEBUG_INFO = NO;
				SDKROOT = iphoneos;
				TARGETED_DEVICE_FAMILY = "1,2";
				VALIDATE_PRODUCT = YES;
			};
			name = Release;
		};
		18E623851BF4F3FA002AD3E3 /* Debug */ = {
			isa = XCBuildConfiguration;
			buildSettings = {
				ASSETCATALOG_COMPILER_APPICON_NAME = AppIcon;
				INFOPLIST_FILE = CAAdvancedTechDemo/Info.plist;
				IPHONEOS_DEPLOYMENT_TARGET = 8.0;
				LD_RUNPATH_SEARCH_PATHS = "$(inherited) @executable_path/Frameworks";
				PRODUCT_BUNDLE_IDENTIFIER = com.youmi.CAAdvancedTechDemo;
				PRODUCT_NAME = "$(TARGET_NAME)";
			};
			name = Debug;
		};
		18E623861BF4F3FA002AD3E3 /* Release */ = {
			isa = XCBuildConfiguration;
			buildSettings = {
				ASSETCATALOG_COMPILER_APPICON_NAME = AppIcon;
				INFOPLIST_FILE = CAAdvancedTechDemo/Info.plist;
				IPHONEOS_DEPLOYMENT_TARGET = 8.0;
				LD_RUNPATH_SEARCH_PATHS = "$(inherited) @executable_path/Frameworks";
				PRODUCT_BUNDLE_IDENTIFIER = com.youmi.CAAdvancedTechDemo;
				PRODUCT_NAME = "$(TARGET_NAME)";
			};
			name = Release;
		};
/* End XCBuildConfiguration section */

/* Begin XCConfigurationList section */
		18E623681BF4F3FA002AD3E3 /* Build configuration list for PBXProject "CAAdvancedTechDemo" */ = {
			isa = XCConfigurationList;
			buildConfigurations = (
				18E623821BF4F3FA002AD3E3 /* Debug */,
				18E623831BF4F3FA002AD3E3 /* Release */,
			);
			defaultConfigurationIsVisible = 0;
			defaultConfigurationName = Release;
		};
		18E623841BF4F3FA002AD3E3 /* Build configuration list for PBXNativeTarget "CAAdvancedTechDemo" */ = {
			isa = XCConfigurationList;
			buildConfigurations = (
				18E623851BF4F3FA002AD3E3 /* Debug */,
				18E623861BF4F3FA002AD3E3 /* Release */,
			);
			defaultConfigurationIsVisible = 0;
			defaultConfigurationName = Release;
		};
/* End XCConfigurationList section */
	};
	rootObject = 18E623651BF4F3FA002AD3E3 /* Project object */;
}
